PODS:
  - Flutter (1.0.0)
  - flutter_momo (0.0.1):
    - Flutter

DEPENDENCIES:
  - Flutter (from `Flutter`)
  - flutter_momo (from `.symlinks/plugins/flutter_momo/ios`)

EXTERNAL SOURCES:
  Flutter:
    :path: Flutter
  flutter_momo:
    :path: ".symlinks/plugins/flutter_momo/ios"

SPEC CHECKSUMS:
  Flutter: 0e3d915762c693b495b44d77113d4970485de6ec
  flutter_momo: a0e73a6cc6dfd063f93453d34fe8f3946240c290

PODFILE CHECKSUM: aafe91acc616949ddb318b77800a7f51bffa2a4c

COCOAPODS: 1.8.4
